
Microsoft Visual Studio Solution File, Format Version 12.00
# Visual Studio Version 16
VisualStudioVersion = 16.0.29503.13
MinimumVisualStudioVersion = 10.0.40219.1
Project("{FAE04EC0-301F-11D3-BF4B-00C04F79EFBC}") = "ConsoleOleDBDotNetCore3", "ConsoleOleDBDotNetCore3\ConsoleOleDBDotNetCore3.csproj", "{78AE96FA-A646-40A2-842D-294019246B00}"
EndProject
Project("{FAE04EC0-301F-11D3-BF4B-00C04F79EFBC}") = "ConsoleODBCDotNetCore3", "ConsoleODBCDotNetCore3\ConsoleODBCDotNetCore3.csproj", "{3C2DEBC6-D2E3-47A3-8C9E-A82BD36B5A7C}"
EndProject
Global
	GlobalSection(SolutionConfigurationPlatforms) = preSolution
		Debug|Any CPU = Debug|Any CPU
		Release|Any CPU = Release|Any CPU
	EndGlobalSection
	GlobalSection(ProjectConfigurationPlatforms) = postSolution
		{78AE96FA-A646-40A2-842D-294019246B00}.Debug|Any CPU.ActiveCfg = Debug|Any CPU
		{78AE96FA-A646-40A2-842D-294019246B00}.Debug|Any CPU.Build.0 = Debug|Any CPU
		{78AE96FA-A646-40A2-842D-294019246B00}.Release|Any CPU.ActiveCfg = Release|Any CPU
		{78AE96FA-A646-40A2-842D-294019246B00}.Release|Any CPU.Build.0 = Release|Any CPU
		{3C2DEBC6-D2E3-47A3-8C9E-A82BD36B5A7C}.Debug|Any CPU.ActiveCfg = Debug|Any CPU
		{3C2DEBC6-D2E3-47A3-8C9E-A82BD36B5A7C}.Debug|Any CPU.Build.0 = Debug|Any CPU
		{3C2DEBC6-D2E3-47A3-8C9E-A82BD36B5A7C}.Release|Any CPU.ActiveCfg = Release|Any CPU
		{3C2DEBC6-D2E3-47A3-8C9E-A82BD36B5A7C}.Release|Any CPU.Build.0 = Release|Any CPU
	EndGlobalSection
	GlobalSection(SolutionProperties) = preSolution
		HideSolutionNode = FALSE
	EndGlobalSection
	GlobalSection(ExtensibilityGlobals) = postSolution
		SolutionGuid = {E5361AFF-C9BE-4781-A391-52B63492167F}
	EndGlobalSection
EndGlobal
